// !$*UTF8*$!
{
	archiveVersion = 1;
	classes = {
	};
	objectVersion = 46;
	objects = {

/* Begin PBXBuildFile section */
		1D4A0CF61A6C1EE00057C68B /* AppDelegate.swift in Sources */ = {isa = PBXBuildFile; fileRef = 1D4A0CF51A6C1EE00057C68B /* AppDelegate.swift */; };
		1D4A0CFD1A6C1EE00057C68B /* Images.xcassets in Resources */ = {isa = PBXBuildFile; fileRef = 1D4A0CFC1A6C1EE00057C68B /* Images.xcassets */; };
		1D4A0D001A6C1EE00057C68B /* LaunchScreen.xib in Resources */ = {isa = PBXBuildFile; fileRef = 1D4A0CFE1A6C1EE00057C68B /* LaunchScreen.xib */; };
		1D4A0D0C1A6C1EE00057C68B /* flashCardsTests.swift in Sources */ = {isa = PBXBuildFile; fileRef = 1D4A0D0B1A6C1EE00057C68B /* flashCardsTests.swift */; };
		1D4A0D1B1A6C208C0057C68B /* Card.swift in Sources */ = {isa = PBXBuildFile; fileRef = 1D4A0D1A1A6C208C0057C68B /* Card.swift */; };
		1D4A0D1E1A6C21B50057C68B /* MainViewController.swift in Sources */ = {isa = PBXBuildFile; fileRef = 1D4A0D1D1A6C21B50057C68B /* MainViewController.swift */; };
		1D4A0D201A6C22110057C68B /* LoadCards.swift in Sources */ = {isa = PBXBuildFile; fileRef = 1D4A0D1F1A6C22110057C68B /* LoadCards.swift */; };
		1D4A0D241A6C279E0057C68B /* CardCell.swift in Sources */ = {isa = PBXBuildFile; fileRef = 1D4A0D231A6C279E0057C68B /* CardCell.swift */; };
		1D4A0D261A6C36210057C68B /* Shuffle.swift in Sources */ = {isa = PBXBuildFile; fileRef = 1D4A0D251A6C36200057C68B /* Shuffle.swift */; };
/* End PBXBuildFile section */

/* Begin PBXContainerItemProxy section */
		1D4A0D061A6C1EE00057C68B /* PBXContainerItemProxy */ = {
			isa = PBXContainerItemProxy;
			containerPortal = 1D4A0CE81A6C1EE00057C68B /* Project object */;
			proxyType = 1;
			remoteGlobalIDString = 1D4A0CEF1A6C1EE00057C68B;
			remoteInfo = flashCards;
		};
/* End PBXContainerItemProxy section */

/* Begin PBXFileReference section */
		1D4A0CF01A6C1EE00057C68B /* flashCards.app */ = {isa = PBXFileReference; explicitFileType = wrapper.application; includeInIndex = 0; path = flashCards.app; sourceTree = BUILT_PRODUCTS_DIR; };
		1D4A0CF41A6C1EE00057C68B /* Info.plist */ = {isa = PBXFileReference; lastKnownFileType = text.plist.xml; path = Info.plist; sourceTree = "<group>"; };
		1D4A0CF51A6C1EE00057C68B /* AppDelegate.swift */ = {isa = PBXFileReference; lastKnownFileType = sourcecode.swift; path = AppDelegate.swift; sourceTree = "<group>"; };
		1D4A0CFC1A6C1EE00057C68B /* Images.xcassets */ = {isa = PBXFileReference; lastKnownFileType = folder.assetcatalog; path = Images.xcassets; sourceTree = "<group>"; };
		1D4A0CFF1A6C1EE00057C68B /* Base */ = {isa = PBXFileReference; lastKnownFileType = file.xib; name = Base; path = Base.lproj/LaunchScreen.xib; sourceTree = "<group>"; };
		1D4A0D051A6C1EE00057C68B /* flashCardsTests.xctest */ = {isa = PBXFileReference; explicitFileType = wrapper.cfbundle; includeInIndex = 0; path = flashCardsTests.xctest; sourceTree = BUILT_PRODUCTS_DIR; };
		1D4A0D0A1A6C1EE00057C68B /* Info.plist */ = {isa = PBXFileReference; lastKnownFileType = text.plist.xml; path = Info.plist; sourceTree = "<group>"; };
		1D4A0D0B1A6C1EE00057C68B /* flashCardsTests.swift */ = {isa = PBXFileReference; lastKnownFileType = sourcecode.swift; path = flashCardsTests.swift; sourceTree = "<group>"; };
		1D4A0D1A1A6C208C0057C68B /* Card.swift */ = {isa = PBXFileReference; fileEncoding = 4; lastKnownFileType = sourcecode.swift; path = Card.swift; sourceTree = "<group>"; };
		1D4A0D1D1A6C21B50057C68B /* MainViewController.swift */ = {isa = PBXFileReference; fileEncoding = 4; lastKnownFileType = sourcecode.swift; path = MainViewController.swift; sourceTree = "<group>"; };
		1D4A0D1F1A6C22110057C68B /* LoadCards.swift */ = {isa = PBXFileReference; fileEncoding = 4; lastKnownFileType = sourcecode.swift; path = LoadCards.swift; sourceTree = "<group>"; };
		1D4A0D231A6C279E0057C68B /* CardCell.swift */ = {isa = PBXFileReference; fileEncoding = 4; lastKnownFileType = sourcecode.swift; path = CardCell.swift; sourceTree = "<group>"; };
		1D4A0D251A6C36200057C68B /* Shuffle.swift */ = {isa = PBXFileReference; fileEncoding = 4; lastKnownFileType = sourcecode.swift; path = Shuffle.swift; sourceTree = "<group>"; };
/* End PBXFileReference section */

/* Begin PBXFrameworksBuildPhase section */
		1D4A0CED1A6C1EE00057C68B /* Frameworks */ = {
			isa = PBXFrameworksBuildPhase;
			buildActionMask = 2147483647;
			files = (
			);
			runOnlyForDeploymentPostprocessing = 0;
		};
		1D4A0D021A6C1EE00057C68B /* Frameworks */ = {
			isa = PBXFrameworksBuildPhase;
			buildActionMask = 2147483647;
			files = (
			);
			runOnlyForDeploymentPostprocessing = 0;
		};
/* End PBXFrameworksBuildPhase section */

/* Begin PBXGroup section */
		1D4A0CE71A6C1EE00057C68B = {
			isa = PBXGroup;
			children = (
				1D4A0CF21A6C1EE00057C68B /* flashCards */,
				1D4A0D081A6C1EE00057C68B /* flashCardsTests */,
				1D4A0CF11A6C1EE00057C68B /* Products */,
			);
			sourceTree = "<group>";
		};
		1D4A0CF11A6C1EE00057C68B /* Products */ = {
			isa = PBXGroup;
			children = (
				1D4A0CF01A6C1EE00057C68B /* flashCards.app */,
				1D4A0D051A6C1EE00057C68B /* flashCardsTests.xctest */,
			);
			name = Products;
			sourceTree = "<group>";
		};
		1D4A0CF21A6C1EE00057C68B /* flashCards */ = {
			isa = PBXGroup;
			children = (
				1D4A0D171A6C1F010057C68B /* Controller */,
				1D4A0D161A6C1EFA0057C68B /* View */,
				1D4A0D151A6C1EF30057C68B /* Model */,
				1D4A0CF51A6C1EE00057C68B /* AppDelegate.swift */,
				1D4A0CFC1A6C1EE00057C68B /* Images.xcassets */,
				1D4A0CFE1A6C1EE00057C68B /* LaunchScreen.xib */,
				1D4A0CF31A6C1EE00057C68B /* Supporting Files */,
			);
			path = flashCards;
			sourceTree = "<group>";
		};
		1D4A0CF31A6C1EE00057C68B /* Supporting Files */ = {
			isa = PBXGroup;
			children = (
				1D4A0CF41A6C1EE00057C68B /* Info.plist */,
			);
			name = "Supporting Files";
			sourceTree = "<group>";
		};
		1D4A0D081A6C1EE00057C68B /* flashCardsTests */ = {
			isa = PBXGroup;
			children = (
				1D4A0D0B1A6C1EE00057C68B /* flashCardsTests.swift */,
				1D4A0D091A6C1EE00057C68B /* Supporting Files */,
			);
			path = flashCardsTests;
			sourceTree = "<group>";
		};
		1D4A0D091A6C1EE00057C68B /* Supporting Files */ = {
			isa = PBXGroup;
			children = (
				1D4A0D0A1A6C1EE00057C68B /* Info.plist */,
			);
			name = "Supporting Files";
			sourceTree = "<group>";
		};
		1D4A0D151A6C1EF30057C68B /* Model */ = {
			isa = PBXGroup;
			children = (
				1D4A0D1A1A6C208C0057C68B /* Card.swift */,
				1D4A0D1F1A6C22110057C68B /* LoadCards.swift */,
				1D4A0D251A6C36200057C68B /* Shuffle.swift */,
			);
			name = Model;
			sourceTree = "<group>";
		};
		1D4A0D161A6C1EFA0057C68B /* View */ = {
			isa = PBXGroup;
			children = (
				1D4A0D231A6C279E0057C68B /* CardCell.swift */,
			);
			name = View;
			sourceTree = "<group>";
		};
		1D4A0D171A6C1F010057C68B /* Controller */ = {
			isa = PBXGroup;
			children = (
				1D4A0D1D1A6C21B50057C68B /* MainViewController.swift */,
			);
			name = Controller;
			sourceTree = "<group>";
		};
/* End PBXGroup section */

/* Begin PBXNativeTarget section */
		1D4A0CEF1A6C1EE00057C68B /* flashCards */ = {
			isa = PBXNativeTarget;
			buildConfigurationList = 1D4A0D0F1A6C1EE00057C68B /* Build configuration list for PBXNativeTarget "flashCards" */;
			buildPhases = (
				1D4A0CEC1A6C1EE00057C68B /* Sources */,
				1D4A0CED1A6C1EE00057C68B /* Frameworks */,
				1D4A0CEE1A6C1EE00057C68B /* Resources */,
			);
			buildRules = (
			);
			dependencies = (
			);
			name = flashCards;
			productName = flashCards;
			productReference = 1D4A0CF01A6C1EE00057C68B /* flashCards.app */;
			productType = "com.apple.product-type.application";
		};
		1D4A0D041A6C1EE00057C68B /* flashCardsTests */ = {
			isa = PBXNativeTarget;
			buildConfigurationList = 1D4A0D121A6C1EE00057C68B /* Build configuration list for PBXNativeTarget "flashCardsTests" */;
			buildPhases = (
				1D4A0D011A6C1EE00057C68B /* Sources */,
				1D4A0D021A6C1EE00057C68B /* Frameworks */,
				1D4A0D031A6C1EE00057C68B /* Resources */,
			);
			buildRules = (
			);
			dependencies = (
				1D4A0D071A6C1EE00057C68B /* PBXTargetDependency */,
			);
			name = flashCardsTests;
			productName = flashCardsTests;
			productReference = 1D4A0D051A6C1EE00057C68B /* flashCardsTests.xctest */;
			productType = "com.apple.product-type.bundle.unit-test";
		};
/* End PBXNativeTarget section */

/* Begin PBXProject section */
		1D4A0CE81A6C1EE00057C68B /* Project object */ = {
			isa = PBXProject;
			attributes = {
				LastUpgradeCheck = 0610;
				ORGANIZATIONNAME = "Pho Diep";
				TargetAttributes = {
					1D4A0CEF1A6C1EE00057C68B = {
						CreatedOnToolsVersion = 6.1.1;
					};
					1D4A0D041A6C1EE00057C68B = {
						CreatedOnToolsVersion = 6.1.1;
						TestTargetID = 1D4A0CEF1A6C1EE00057C68B;
					};
				};
			};
			buildConfigurationList = 1D4A0CEB1A6C1EE00057C68B /* Build configuration list for PBXProject "flashCards" */;
			compatibilityVersion = "Xcode 3.2";
			developmentRegion = English;
			hasScannedForEncodings = 0;
			knownRegions = (
				en,
				Base,
			);
			mainGroup = 1D4A0CE71A6C1EE00057C68B;
			productRefGroup = 1D4A0CF11A6C1EE00057C68B /* Products */;
			projectDirPath = "";
			projectRoot = "";
			targets = (
				1D4A0CEF1A6C1EE00057C68B /* flashCards */,
				1D4A0D041A6C1EE00057C68B /* flashCardsTests */,
			);
		};
/* End PBXProject section */

/* Begin PBXResourcesBuildPhase section */
		1D4A0CEE1A6C1EE00057C68B /* Resources */ = {
			isa = PBXResourcesBuildPhase;
			buildActionMask = 2147483647;
			files = (
				1D4A0D001A6C1EE00057C68B /* LaunchScreen.xib in Resources */,
				1D4A0CFD1A6C1EE00057C68B /* Images.xcassets in Resources */,
			);
			runOnlyForDeploymentPostprocessing = 0;
		};
		1D4A0D031A6C1EE00057C68B /* Resources */ = {
			isa = PBXResourcesBuildPhase;
			buildActionMask = 2147483647;
			files = (
			);
			runOnlyForDeploymentPostprocessing = 0;
		};
/* End PBXResourcesBuildPhase section */

/* Begin PBXSourcesBuildPhase section */
		1D4A0CEC1A6C1EE00057C68B /* Sources */ = {
			isa = PBXSourcesBuildPhase;
			buildActionMask = 2147483647;
			files = (
				1D4A0D241A6C279E0057C68B /* CardCell.swift in Sources */,
				1D4A0D261A6C36210057C68B /* Shuffle.swift in Sources */,
				1D4A0D1B1A6C208C0057C68B /* Card.swift in Sources */,
				1D4A0CF61A6C1EE00057C68B /* AppDelegate.swift in Sources */,
				1D4A0D201A6C22110057C68B /* LoadCards.swift in Sources */,
				1D4A0D1E1A6C21B50057C68B /* MainViewController.swift in Sources */,
			);
			runOnlyForDeploymentPostprocessing = 0;
		};
		1D4A0D011A6C1EE00057C68B /* Sources */ = {
			isa = PBXSourcesBuildPhase;
			buildActionMask = 2147483647;
			files = (
				1D4A0D0C1A6C1EE00057C68B /* flashCardsTests.swift in Sources */,
			);
			runOnlyForDeploymentPostprocessing = 0;
		};
/* End PBXSourcesBuildPhase section */

/* Begin PBXTargetDependency section */
		1D4A0D071A6C1EE00057C68B /* PBXTargetDependency */ = {
			isa = PBXTargetDependency;
			target = 1D4A0CEF1A6C1EE00057C68B /* flashCards */;
			targetProxy = 1D4A0D061A6C1EE00057C68B /* PBXContainerItemProxy */;
		};
/* End PBXTargetDependency section */

/* Begin PBXVariantGroup section */
		1D4A0CFE1A6C1EE00057C68B /* LaunchScreen.xib */ = {
			isa = PBXVariantGroup;
			children = (
				1D4A0CFF1A6C1EE00057C68B /* Base */,
			);
			name = LaunchScreen.xib;
			sourceTree = "<group>";
		};
/* End PBXVariantGroup section */

/* Begin XCBuildConfiguration section */
		1D4A0D0D1A6C1EE00057C68B /* Debug */ = {
			isa = XCBuildConfiguration;
			buildSettings = {
				ALWAYS_SEARCH_USER_PATHS = NO;
				CLANG_CXX_LANGUAGE_STANDARD = "gnu++0x";
				CLANG_CXX_LIBRARY = "libc++";
				CLANG_ENABLE_MODULES = YES;
				CLANG_ENABLE_OBJC_ARC = YES;
				CLANG_WARN_BOOL_CONVERSION = YES;
				CLANG_WARN_CONSTANT_CONVERSION = YES;
				CLANG_WARN_DIRECT_OBJC_ISA_USAGE = YES_ERROR;
				CLANG_WARN_EMPTY_BODY = YES;
				CLANG_WARN_ENUM_CONVERSION = YES;
				CLANG_WARN_INT_CONVERSION = YES;
				CLANG_WARN_OBJC_ROOT_CLASS = YES_ERROR;
				CLANG_WARN_UNREACHABLE_CODE = YES;
				CLANG_WARN__DUPLICATE_METHOD_MATCH = YES;
				"CODE_SIGN_IDENTITY[sdk=iphoneos*]" = "iPhone Developer";
				COPY_PHASE_STRIP = NO;
				ENABLE_STRICT_OBJC_MSGSEND = YES;
				GCC_C_LANGUAGE_STANDARD = gnu99;
				GCC_DYNAMIC_NO_PIC = NO;
				GCC_OPTIMIZATION_LEVEL = 0;
				GCC_PREPROCESSOR_DEFINITIONS = (
					"DEBUG=1",
					"$(inherited)",
				);
				GCC_SYMBOLS_PRIVATE_EXTERN = NO;
				GCC_WARN_64_TO_32_BIT_CONVERSION = YES;
				GCC_WARN_ABOUT_RETURN_TYPE = YES_ERROR;
				GCC_WARN_UNDECLARED_SELECTOR = YES;
				GCC_WARN_UNINITIALIZED_AUTOS = YES_AGGRESSIVE;
				GCC_WARN_UNUSED_FUNCTION = YES;
				GCC_WARN_UNUSED_VARIABLE = YES;
				IPHONEOS_DEPLOYMENT_TARGET = 8.1;
				MTL_ENABLE_DEBUG_INFO = YES;
				ONLY_ACTIVE_ARCH = YES;
				SDKROOT = iphoneos;
				SWIFT_OPTIMIZATION_LEVEL = "-Onone";
			};
			name = Debug;
		};
		1D4A0D0E1A6C1EE00057C68B /* Release */ = {
			isa = XCBuildConfiguration;
			buildSettings = {
				ALWAYS_SEARCH_USER_PATHS = NO;
				CLANG_CXX_LANGUAGE_STANDARD = "gnu++0x";
				CLANG_CXX_LIBRARY = "libc++";
				CLANG_ENABLE_MODULES = YES;
				CLANG_ENABLE_OBJC_ARC = YES;
				CLANG_WARN_BOOL_CONVERSION = YES;
				CLANG_WARN_CONSTANT_CONVERSION = YES;
				CLANG_WARN_DIRECT_OBJC_ISA_USAGE = YES_ERROR;
				CLANG_WARN_EMPTY_BODY = YES;
				CLANG_WARN_ENUM_CONVERSION = YES;
				CLANG_WARN_INT_CONVERSION = YES;
				CLANG_WARN_OBJC_ROOT_CLASS = YES_ERROR;
				CLANG_WARN_UNREACHABLE_CODE = YES;
				CLANG_WARN__DUPLICATE_METHOD_MATCH = YES;
				"CODE_SIGN_IDENTITY[sdk=iphoneos*]" = "iPhone Developer";
				COPY_PHASE_STRIP = YES;
				ENABLE_NS_ASSERTIONS = NO;
				ENABLE_STRICT_OBJC_MSGSEND = YES;
				GCC_C_LANGUAGE_STANDARD = gnu99;
				GCC_WARN_64_TO_32_BIT_CONVERSION = YES;
				GCC_WARN_ABOUT_RETURN_TYPE = YES_ERROR;
				GCC_WARN_UNDECLARED_SELECTOR = YES;
				GCC_WARN_UNINITIALIZED_AUTOS = YES_AGGRESSIVE;
				GCC_WARN_UNUSED_FUNCTION = YES;
				GCC_WARN_UNUSED_VARIABLE = YES;
				IPHONEOS_DEPLOYMENT_TARGET = 8.1;
				MTL_ENABLE_DEBUG_INFO = NO;
				SDKROOT = iphoneos;
				VALIDATE_PRODUCT = YES;
			};
			name = Release;
		};
		1D4A0D101A6C1EE00057C68B /* Debug */ = {
			isa = XCBuildConfiguration;
			buildSettings = {
				ASSETCATALOG_COMPILER_APPICON_NAME = AppIcon;
				INFOPLIST_FILE = flashCards/Info.plist;
				LD_RUNPATH_SEARCH_PATHS = "$(inherited) @executable_path/Frameworks";
				PRODUCT_NAME = "$(TARGET_NAME)";
				TARGETED_DEVICE_FAMILY = "1,2";
			};
			name = Debug;
		};
		1D4A0D111A6C1EE00057C68B /* Release */ = {
			isa = XCBuildConfiguration;
			buildSettings = {
				ASSETCATALOG_COMPILER_APPICON_NAME = AppIcon;
				INFOPLIST_FILE = flashCards/Info.plist;
				LD_RUNPATH_SEARCH_PATHS = "$(inherited) @executable_path/Frameworks";
				PRODUCT_NAME = "$(TARGET_NAME)";
				TARGETED_DEVICE_FAMILY = "1,2";
			};
			name = Release;
		};
		1D4A0D131A6C1EE00057C68B /* Debug */ = {
			isa = XCBuildConfiguration;
			buildSettings = {
				BUNDLE_LOADER = "$(TEST_HOST)";
				FRAMEWORK_SEARCH_PATHS = (
					"$(SDKROOT)/Developer/Library/Frameworks",
					"$(inherited)",
				);
				GCC_PREPROCESSOR_DEFINITIONS = (
					"DEBUG=1",
					"$(inherited)",
				);
				INFOPLIST_FILE = flashCardsTests/Info.plist;
				LD_RUNPATH_SEARCH_PATHS = "$(inherited) @executable_path/Frameworks @loader_path/Frameworks";
				PRODUCT_NAME = "$(TARGET_NAME)";
				TEST_HOST = "$(BUILT_PRODUCTS_DIR)/flashCards.app/flashCards";
			};
			name = Debug;
		};
		1D4A0D141A6C1EE00057C68B /* Release */ = {
			isa = XCBuildConfiguration;
			buildSettings = {
				BUNDLE_LOADER = "$(TEST_HOST)";
				FRAMEWORK_SEARCH_PATHS = (
					"$(SDKROOT)/Developer/Library/Frameworks",
					"$(inherited)",
				);
				INFOPLIST_FILE = flashCardsTests/Info.plist;
				LD_RUNPATH_SEARCH_PATHS = "$(inherited) @executable_path/Frameworks @loader_path/Frameworks";
				PRODUCT_NAME = "$(TARGET_NAME)";
				TEST_HOST = "$(BUILT_PRODUCTS_DIR)/flashCards.app/flashCards";
			};
			name = Release;
		};
/* End XCBuildConfiguration section */

/* Begin XCConfigurationList section */
		1D4A0CEB1A6C1EE00057C68B /* Build configuration list for PBXProject "flashCards" */ = {
			isa = XCConfigurationList;
			buildConfigurations = (
				1D4A0D0D1A6C1EE00057C68B /* Debug */,
				1D4A0D0E1A6C1EE00057C68B /* Release */,
			);
			defaultConfigurationIsVisible = 0;
			defaultConfigurationName = Release;
		};
		1D4A0D0F1A6C1EE00057C68B /* Build configuration list for PBXNativeTarget "flashCards" */ = {
			isa = XCConfigurationList;
			buildConfigurations = (
				1D4A0D101A6C1EE00057C68B /* Debug */,
				1D4A0D111A6C1EE00057C68B /* Release */,
			);
			defaultConfigurationIsVisible = 0;
		};
		1D4A0D121A6C1EE00057C68B /* Build configuration list for PBXNativeTarget "flashCardsTests" */ = {
			isa = XCConfigurationList;
			buildConfigurations = (
				1D4A0D131A6C1EE00057C68B /* Debug */,
				1D4A0D141A6C1EE00057C68B /* Release */,
			);
			defaultConfigurationIsVisible = 0;
		};
/* End XCConfigurationList section */
	};
	rootObject = 1D4A0CE81A6C1EE00057C68B /* Project object */;
}
